{
  "name": "meu-site-pessoal",
  "version": "1.0.0",
  "lockfileVersion": 1,
  "requires": true,
  "dependencies": {
    "accepts": {
      "version": "1.3.8",
      "resolved": "https://registry.npmjs.org/accepts/-/accepts-1.3.8.tgz",
      "integrity": "sha512-cM0A0RHLkngU+OR/PIK/O9m3fQQqE4kOorN6Ncr/3R04EfIsd3B5i6dtm3YuAqSpY+ZI56bAy2DQUbYn31slxA==",
      "requires": {
        "mime-types": "~2.1.34",
        "negotiator": "0.6.3"
      }
    },
    "after": {
      "version": "0.8.2",
      "resolved": "https://registry.npmjs.org/after/-/after-0.8.2.tgz",
      "integrity": "sha512-DdCq+J8r8NntDTvcmUtHbTcuN+O+1F4T+pLdr2PS/oel+VS2ftFQZDI1MjBDW5NIQ1AlDZAxrG+TfP8rZ0/PRQ=="
    },
    "array-flatten": {
      "version": "1.1.1",
      "resolved": "https://registry.npmjs.org/array-flatten/-/array-flatten-1.1.1.tgz",
      "integrity": "sha1-ml9pkFGx5wczKPKgCJaLZOopVdI="
    },
    "body-parser": {
      "version": "1.19.0",
      "resolved": "https://registry.npmjs.org/body-parser/-/body-parser-1.19.0.tgz",
      "integrity": "sha512-d8f7mGoyL+W//QhnYfBOr9yhvQPEZQghKe8F6dmA4Z2Dkgwz4pRE1c4He56gbMepKu9ZHHmYllz3s4fGZUZs5g==",
      "requires": {
        "bytes": "3.1.0",
        "content-type": "~1.0.4",
        "debug": "2.6.9",
        "depd": "~1.1.2",
        "http-errors": "1.7.2",
        "iconv-lite": "0.4.24",
        "on-finished": "~2.3.0",
        "qs": "6.7.0",
        "raw-body": "2.4.0",
        "type-is": "~1.6.18"
      },
      "dependencies": {
        "depd": {
          "version": "1.1.2",
          "resolved": "https://registry.npmjs.org/depd/-/depd-1.1.2.tgz",
          "integrity": "sha1-m81S4UwJd2PnSbJ0xDRu0uVgtak="
        },
        "http-errors": {
          "version": "1.7.2",
          "resolved": "https://registry.npmjs.org/http-errors/-/http-errors-1.7.2.tgz",
          "integrity": "sha512-V3u1b24NRONKpPTxP4x2o0F5b4U8NuOQ8SmD8G9p/LOpPLMIJxzTYf7ZAdKp2A0LAkM0vXo//uFfI74F3wNfqA==",
          "requires": {
            "depd": "~1.1.2",
            "inherits": "2.0.3",
            "setprototypeof": "1.1.1",
            "statuses": ">= 1.5.0 < 2",
            "toidentifier": "1.0.0"
          }
        },
        "setprototypeof": {
          "version": "1.1.1",
          "resolved": "https://registry.npmjs.org/setprototypeof/-/setprototypeof-1.1.1.tgz",
          "integrity": "sha512-Bw8oMSIeeSAluVnBv8wj9RWL+ISY9nR39y+XqxV+90gGJwsZddwxxKZzW//wEX2G3yAeqy7+u6rY19I2Bq+O9w=="
        }
      }
    },
    "bytes": {
      "version": "3.1.0",
      "resolved": "https://registry.npmjs.org/bytes/-/bytes-3.1.0.tgz",
      "integrity": "sha512-zauLjrfCsdj8TFb3g9Ymr0bwLWZ9LvX2D/q9lZWF8P1h1v+IG1vFIF7S4tKZcNuVKGNzPHQnOZH6lcKfx3n5hg=="
    },
    "chalk": {
      "version": "2.4.2",
      "resolved": "https://registry.npmjs.org/chalk/-/chalk-2.4.2.tgz",
      "integrity": "sha512-muqMclBVep5VztWw8fImLw3Kds3Vb3SKD1s0h8Dp9zvs5cgM77q08CQG6B5xG+qTRTyeS7ej4Y2IFmCauwTHMg==",
      "requires": {
        "ansi-styles": "3.2.1",
        "escape-string-regexp": "^1.0.5",
        "supports-color": "^5.3.0"
      }
    },
    "content-disposition": {
      "version": "0.5.3",
      "resolved": "https://registry.npmjs.org/content-disposition/-/content-disposition-0.5.3.tgz",
      "integrity": "sha512-Dl3zW8DYmBLeTSYpQZ4HVHJ4+fgLb8pMS0h9F69w72AHpIdgV90W3Z6NTUapfPCl+mbI+oCHPZF9AhCXUB8Q5w=="
    },
    "content-type": {
      "version": "1.0.4",
      "resolved": "https://registry.npmjs.org/content-type/-/content-type-1.0.4.tgz",
      "integrity": "sha512-iJdeA4Tqi/xk1x2dCdnoyyM0PTh/hWBwWyEeBJRnlnfw98PH6zz3vI5jsixG1ft6QIOa1yu2wQBDo5e5eAHs8g=="
    },
    "cookie": {
      "version": "0.4.1",
      "resolved": "https://registry.npmjs.org/cookie/-/cookie-0.4.1.tgz",
      "integrity": "sha512-ZWRG3OKgQedKXAR/TkWU2mAhRGUbHE0UPue1xL630aQLIfy1aK4Bv+WHqVGbLC6XhgzklG3YEpIYZ2f3hn3tRQ=="
    },
    "cookie-signature": {
      "version": "1.0.6",
      "resolved": "https://registry.npmjs.org/cookie-signature/-/cookie-signature-1.0.6.tgz",
      "integrity": "sha1-8Rxjfqeq8VpQbKZaz7rEZ3p2c6w="
    },
    "cors": {
      "version": "2.8.5",
      "resolved": "https://registry.npmjs.org/cors/-/cors-2.8.5.tgz",
      "integrity": "sha512-KPHc0vHh4d7ETuv"
